<?xml version="1.0" encoding="utf-8"?>
<Project ToolsVersion="4.0" xmlns="http://schemas.microsoft.com/developer/msbuild/2003">
  <ItemGroup>
    <Filter Include="threading">
      <UniqueIdentifier>{0e39ed41-6ee9-4ea6-91be-17911753d447}</UniqueIdentifier>
    </Filter>
    <Filter Include="util">
      <UniqueIdentifier>{56057ca8-b7e2-489f-8a7e-6b47c14e10a1}</UniqueIdentifier>
    </Filter>
    <Filter Include="event">
      <UniqueIdentifier>{58846020-69cc-449c-8a67-77e116e53ad5}</UniqueIdentifier>
    </Filter>
  </ItemGroup>
  <ItemGroup>
    <ClCompile Include="$(MSBuildThisFileDirectory)threading\FunctionTask.cpp">
      <Filter>threading</Filter>
    </ClCompile>
    <ClCompile Include="$(MSBuildThisFileDirectory)threading\IWorkerPool.cpp">
      <Filter>threading</Filter>
    </ClCompile>
    <ClCompile Include="$(MSBuildThisFileDirectory)threading\RWLock.cpp">
      <Filter>threading</Filter>
    </ClCompile>
    <ClCompile Include="$(MSBuildThisFileDirectory)threading\Task.cpp">
      <Filter>threading</Filter>
    </ClCompile>
    <ClCompile Include="$(MSBuildThisFileDirectory)threading\WorkerPool.cpp">
      <Filter>threading</Filter>
    </ClCompile>
    <ClCompile Include="$(MSBuildThisFileDirectory)event\Event.cpp">
      <Filter>event</Filter>
    </ClCompile>
    <ClCompile Include="$(MSBuildThisFileDirectory)event\EventHandler.cpp">
      <Filter>event</Filter>
    </ClCompile>
    <ClCompile Include="$(MSBuildThisFileDirectory)event\EventBuffer.cpp">
      <Filter>event</Filter>
    </ClCompile>
  </ItemGroup>
  <ItemGroup>
    <ClInclude Include="$(MSBuildThisFileDirectory)threading\FunctionTask.h">
      <Filter>threading</Filter>
    </ClInclude>
    <ClInclude Include="$(MSBuildThisFileDirectory)threading\IWorkerPool.h">
      <Filter>threading</Filter>
    </ClInclude>
    <ClInclude Include="$(MSBuildThisFileDirectory)threading\RWLock.h">
      <Filter>threading</Filter>
    </ClInclude>
    <ClInclude Include="$(MSBuildThisFileDirectory)threading\SpinLock.h">
      <Filter>threading</Filter>
    </ClInclude>
    <ClInclude Include="$(MSBuildThisFileDirectory)threading\Task.h">
      <Filter>threading</Filter>
    </ClInclude>
    <ClInclude Include="$(MSBuildThisFileDirectory)threading\ThreadLocal.h">
      <Filter>threading</Filter>
    </ClInclude>
    <ClInclude Include="$(MSBuildThisFileDirectory)threading\WorkerPool.h">
      <Filter>threading</Filter>
    </ClInclude>
    <ClInclude Include="$(MSBuildThisFileDirectory)util\Observer.h">
      <Filter>util</Filter>
    </ClInclude>
    <ClInclude Include="$(MSBuildThisFileDirectory)util\TypeId.h">
      <Filter>util</Filter>
    </ClInclude>
    <ClInclude Include="$(MSBuildThisFileDirectory)event\Event.h">
      <Filter>event</Filter>
    </ClInclude>
    <ClInclude Include="$(MSBuildThisFileDirectory)event\EventBuffer.h">
      <Filter>event</Filter>
    </ClInclude>
    <ClInclude Include="$(MSBuildThisFileDirectory)event\EventHandler.h">
      <Filter>event</Filter>
    </ClInclude>
    <ClInclude Include="$(MSBuildThisFileDirectory)Precompile.h" />
    <ClInclude Include="$(MSBuildThisFileDirectory)util\ScopeWrap.h">
      <Filter>util</Filter>
    </ClInclude>
  </ItemGroup>
</Project>