<?xml version="1.0" encoding="utf-8"?>
<Project ToolsVersion="4.0" xmlns="http://schemas.microsoft.com/developer/msbuild/2003">
  <ItemGroup>
    <Filter Include="Source Files">
      <UniqueIdentifier>{4FC737F1-C7A5-4376-A066-2A32D752A2FF}</UniqueIdentifier>
      <Extensions>cpp;c;cc;cxx;def;odl;idl;hpj;bat;asm;asmx</Extensions>
    </Filter>
    <Filter Include="Header Files">
      <UniqueIdentifier>{93995380-89BD-4b04-88EB-625FBE52EBFB}</UniqueIdentifier>
      <Extensions>h;hh;hpp;hxx;hm;inl;inc;xsd</Extensions>
    </Filter>
    <Filter Include="Resource Files">
      <UniqueIdentifier>{67DA6AB6-F800-4c08-8B7A-83BB121AAD01}</UniqueIdentifier>
      <Extensions>rc;ico;cur;bmp;dlg;rc2;rct;bin;rgs;gif;jpg;jpeg;jpe;resx;tiff;tif;png;wav;mfcribbon-ms</Extensions>
    </Filter>
    <Filter Include="src-deps">
      <UniqueIdentifier>{33065107-eb6d-48d1-90db-f68d007bd06c}</UniqueIdentifier>
    </Filter>
    <Filter Include="src-deps\imgui">
      <UniqueIdentifier>{70ed139c-9ae5-4daa-a5ce-049450d88e0d}</UniqueIdentifier>
    </Filter>
  </ItemGroup>
  <ItemGroup>
    <ClCompile Include="App.cpp">
      <Filter>Source Files</Filter>
    </ClCompile>
    <ClCompile Include="Camera.cpp">
      <Filter>Source Files</Filter>
    </ClCompile>
    <ClCompile Include="EditorNavigator.cpp">
      <Filter>Source Files</Filter>
    </ClCompile>
    <ClCompile Include="DebugDrawer.cpp">
      <Filter>Source Files</Filter>
    </ClCompile>
    <ClCompile Include="system\GraphicsSystem.cpp">
      <Filter>Source Files</Filter>
    </ClCompile>
    <ClCompile Include="system\KeyboardInput.cpp">
      <Filter>Source Files</Filter>
    </ClCompile>
    <ClCompile Include="component\Transform.cpp">
      <Filter>Source Files</Filter>
    </ClCompile>
    <ClCompile Include="component\Renderable.cpp">
      <Filter>Source Files</Filter>
    </ClCompile>
    <ClCompile Include="system\PhysicsSystem.cpp">
      <Filter>Source Files</Filter>
    </ClCompile>
    <ClCompile Include="SyxInterface.cpp">
      <Filter>Source Files</Filter>
    </ClCompile>
    <ClCompile Include="component\Physics.cpp">
      <Filter>Source Files</Filter>
    </ClCompile>
    <ClCompile Include="src-deps\imgui\imgui_demo.cpp">
      <Filter>src-deps\imgui</Filter>
    </ClCompile>
    <ClCompile Include="src-deps\imgui\imgui_draw.cpp">
      <Filter>src-deps\imgui</Filter>
    </ClCompile>
    <ClCompile Include="src-deps\imgui\imgui.cpp">
      <Filter>src-deps\imgui</Filter>
    </ClCompile>
    <ClCompile Include="ImGuiImpl.cpp">
      <Filter>Source Files</Filter>
    </ClCompile>
    <ClCompile Include="component\Component.cpp">
      <Filter>Source Files</Filter>
    </ClCompile>
    <ClCompile Include="Util.cpp">
      <Filter>Source Files</Filter>
    </ClCompile>
    <ClCompile Include="Precompile.cpp">
      <Filter>Source Files</Filter>
    </ClCompile>
    <ClCompile Include="system\System.cpp">
      <Filter>Source Files</Filter>
    </ClCompile>
    <ClCompile Include="loader\ShaderLoader.cpp">
      <Filter>Source Files</Filter>
    </ClCompile>
    <ClCompile Include="loader\TextureLoader.cpp">
      <Filter>Source Files</Filter>
    </ClCompile>
    <ClCompile Include="loader\AssetLoader.cpp">
      <Filter>Source Files</Filter>
    </ClCompile>
    <ClCompile Include="loader\ModelLoader.cpp">
      <Filter>Source Files</Filter>
    </ClCompile>
    <ClCompile Include="asset\Shader.cpp">
      <Filter>Source Files</Filter>
    </ClCompile>
    <ClCompile Include="asset\Texture.cpp">
      <Filter>Source Files</Filter>
    </ClCompile>
    <ClCompile Include="asset\Model.cpp">
      <Filter>Source Files</Filter>
    </ClCompile>
    <ClCompile Include="system\AssetRepo.cpp">
      <Filter>Source Files</Filter>
    </ClCompile>
    <ClCompile Include="win32\mainWin32.cpp">
      <Filter>Source Files</Filter>
    </ClCompile>
    <ClCompile Include="win32\AppPlatformWin32.cpp">
      <Filter>Source Files</Filter>
    </ClCompile>
    <ClCompile Include="AppPlatform.cpp">
      <Filter>Source Files</Filter>
    </ClCompile>
    <ClCompile Include="win32\DirectoryWatcher32.cpp">
      <Filter>Source Files</Filter>
    </ClCompile>
    <ClCompile Include="lua\LuaState.cpp">
      <Filter>Source Files</Filter>
    </ClCompile>
    <ClCompile Include="lua\LuaNode.cpp">
      <Filter>Source Files</Filter>
    </ClCompile>
    <ClCompile Include="lua\LuaSerializer.cpp">
      <Filter>Source Files</Filter>
    </ClCompile>
    <ClCompile Include="event\BaseComponentEvents.cpp">
      <Filter>Source Files</Filter>
    </ClCompile>
    <ClCompile Include="event\TransformEvent.cpp">
      <Filter>Source Files</Filter>
    </ClCompile>
    <ClCompile Include="lua\LuaSandbox.cpp">
      <Filter>Source Files</Filter>
    </ClCompile>
    <ClCompile Include="lua\LuaStackAssert.cpp">
      <Filter>Source Files</Filter>
    </ClCompile>
    <ClCompile Include="system\LuaGameSystem.cpp">
      <Filter>Source Files</Filter>
    </ClCompile>
    <ClCompile Include="LuaGameObject.cpp">
      <Filter>Source Files</Filter>
    </ClCompile>
    <ClCompile Include="asset\LuaScript.cpp">
      <Filter>Source Files</Filter>
    </ClCompile>
    <ClCompile Include="loader\LuaScriptLoader.cpp">
      <Filter>Source Files</Filter>
    </ClCompile>
    <ClCompile Include="component\LuaComponent.cpp">
      <Filter>Source Files</Filter>
    </ClCompile>
    <ClCompile Include="lua\LuaUtil.cpp">
      <Filter>Source Files</Filter>
    </ClCompile>
    <ClCompile Include="lua\lib\LuaNumArray.cpp">
      <Filter>Source Files</Filter>
    </ClCompile>
    <ClCompile Include="lua\lib\LuaNumVec.cpp">
      <Filter>Source Files</Filter>
    </ClCompile>
    <ClCompile Include="lua\lib\LuaVec3.cpp">
      <Filter>Source Files</Filter>
    </ClCompile>
    <ClCompile Include="lua\lib\LuaQuat.cpp">
      <Filter>Source Files</Filter>
    </ClCompile>
    <ClCompile Include="lua\AllLuaLibs.cpp">
      <Filter>Source Files</Filter>
    </ClCompile>
    <ClCompile Include="event\DebugDrawEvent.cpp">
      <Filter>Source Files</Filter>
    </ClCompile>
    <ClCompile Include="lua\LuaCache.cpp">
      <Filter>Source Files</Filter>
    </ClCompile>
    <ClCompile Include="component\LuaComponentRegistry.cpp">
      <Filter>Source Files</Filter>
    </ClCompile>
    <ClCompile Include="lua\lib\LuaAssetRepo.cpp">
      <Filter>Source Files</Filter>
    </ClCompile>
    <ClCompile Include="asset\PhysicsModel.cpp">
      <Filter>Source Files</Filter>
    </ClCompile>
    <ClCompile Include="event\LifecycleEvents.cpp">
      <Filter>Source Files</Filter>
    </ClCompile>
    <ClCompile Include="allocator\LIFOAllocator.cpp">
      <Filter>Source Files</Filter>
    </ClCompile>
    <ClCompile Include="lua\LuaComponentNode.cpp">
      <Filter>Source Files</Filter>
    </ClCompile>
    <ClCompile Include="file\FileSystem.cpp">
      <Filter>Source Files</Filter>
    </ClCompile>
    <ClCompile Include="file\FilePath.cpp">
      <Filter>Source Files</Filter>
    </ClCompile>
    <ClCompile Include="ProjectLocator.cpp">
      <Filter>Source Files</Filter>
    </ClCompile>
    <ClCompile Include="component\SpaceComponent.cpp">
      <Filter>Source Files</Filter>
    </ClCompile>
    <ClCompile Include="event\SpaceEvents.cpp">
      <Filter>Source Files</Filter>
    </ClCompile>
  </ItemGroup>
  <ItemGroup>
    <ClInclude Include="App.h">
      <Filter>Header Files</Filter>
    </ClInclude>
    <ClInclude Include="Precompile.h">
      <Filter>Header Files</Filter>
    </ClInclude>
    <ClInclude Include="Camera.h">
      <Filter>Header Files</Filter>
    </ClInclude>
    <ClInclude Include="Handle.h">
      <Filter>Header Files</Filter>
    </ClInclude>
    <ClInclude Include="EditorNavigator.h">
      <Filter>Header Files</Filter>
    </ClInclude>
    <ClInclude Include="DebugDrawer.h">
      <Filter>Header Files</Filter>
    </ClInclude>
    <ClInclude Include="MappedBuffer.h">
      <Filter>Header Files</Filter>
    </ClInclude>
    <ClInclude Include="system\KeyboardInput.h">
      <Filter>Header Files</Filter>
    </ClInclude>
    <ClInclude Include="system\System.h">
      <Filter>Header Files</Filter>
    </ClInclude>
    <ClInclude Include="system\GraphicsSystem.h">
      <Filter>Header Files</Filter>
    </ClInclude>
    <ClInclude Include="component\Renderable.h">
      <Filter>Header Files</Filter>
    </ClInclude>
    <ClInclude Include="component\Transform.h">
      <Filter>Header Files</Filter>
    </ClInclude>
    <ClInclude Include="component\Component.h">
      <Filter>Header Files</Filter>
    </ClInclude>
    <ClInclude Include="system\PhysicsSystem.h">
      <Filter>Header Files</Filter>
    </ClInclude>
    <ClInclude Include="component\Physics.h">
      <Filter>Header Files</Filter>
    </ClInclude>
    <ClInclude Include="src-deps\imgui\imgui.h">
      <Filter>src-deps\imgui</Filter>
    </ClInclude>
    <ClInclude Include="src-deps\imgui\imgui_internal.h">
      <Filter>src-deps\imgui</Filter>
    </ClInclude>
    <ClInclude Include="src-deps\imgui\stb_rect_pack.h">
      <Filter>src-deps\imgui</Filter>
    </ClInclude>
    <ClInclude Include="src-deps\imgui\stb_textedit.h">
      <Filter>src-deps\imgui</Filter>
    </ClInclude>
    <ClInclude Include="src-deps\imgui\stb_truetype.h">
      <Filter>src-deps\imgui</Filter>
    </ClInclude>
    <ClInclude Include="src-deps\imgui\imconfig.h">
      <Filter>src-deps\imgui</Filter>
    </ClInclude>
    <ClInclude Include="ImGuiImpl.h">
      <Filter>Header Files</Filter>
    </ClInclude>
    <ClInclude Include="event\BaseComponentEvents.h">
      <Filter>Header Files</Filter>
    </ClInclude>
    <ClInclude Include="event\TransformEvent.h">
      <Filter>Header Files</Filter>
    </ClInclude>
    <ClInclude Include="Util.h">
      <Filter>Header Files</Filter>
    </ClInclude>
    <ClInclude Include="asset\Asset.h">
      <Filter>Header Files</Filter>
    </ClInclude>
    <ClInclude Include="loader\ModelLoader.h">
      <Filter>Header Files</Filter>
    </ClInclude>
    <ClInclude Include="loader\ShaderLoader.h">
      <Filter>Header Files</Filter>
    </ClInclude>
    <ClInclude Include="loader\TextureLoader.h">
      <Filter>Header Files</Filter>
    </ClInclude>
    <ClInclude Include="loader\AssetLoader.h">
      <Filter>Header Files</Filter>
    </ClInclude>
    <ClInclude Include="asset\Shader.h">
      <Filter>Header Files</Filter>
    </ClInclude>
    <ClInclude Include="asset\Texture.h">
      <Filter>Header Files</Filter>
    </ClInclude>
    <ClInclude Include="asset\Model.h">
      <Filter>Header Files</Filter>
    </ClInclude>
    <ClInclude Include="system\AssetRepo.h">
      <Filter>Header Files</Filter>
    </ClInclude>
    <ClInclude Include="AppPlatform.h">
      <Filter>Header Files</Filter>
    </ClInclude>
    <ClInclude Include="win32\AppPlatformWin32.h">
      <Filter>Header Files</Filter>
    </ClInclude>
    <ClInclude Include="win32\DirectoryWatcher32.h">
      <Filter>Header Files</Filter>
    </ClInclude>
    <ClInclude Include="lua\LuaNode.h">
      <Filter>Header Files</Filter>
    </ClInclude>
    <ClInclude Include="lua\LuaState.h">
      <Filter>Header Files</Filter>
    </ClInclude>
    <ClInclude Include="lua\LuaSerializer.h">
      <Filter>Header Files</Filter>
    </ClInclude>
    <ClInclude Include="lua\LuaSandbox.h">
      <Filter>Header Files</Filter>
    </ClInclude>
    <ClInclude Include="lua\LuaStackAssert.h">
      <Filter>Header Files</Filter>
    </ClInclude>
    <ClInclude Include="system\LuaGameSystem.h">
      <Filter>Header Files</Filter>
    </ClInclude>
    <ClInclude Include="provider\SystemProvider.h">
      <Filter>Header Files</Filter>
    </ClInclude>
    <ClInclude Include="provider\MessageQueueProvider.h">
      <Filter>Header Files</Filter>
    </ClInclude>
    <ClInclude Include="provider\GameObjectHandleProvider.h">
      <Filter>Header Files</Filter>
    </ClInclude>
    <ClInclude Include="LuaGameObject.h">
      <Filter>Header Files</Filter>
    </ClInclude>
    <ClInclude Include="asset\LuaScript.h">
      <Filter>Header Files</Filter>
    </ClInclude>
    <ClInclude Include="loader\LuaScriptLoader.h">
      <Filter>Header Files</Filter>
    </ClInclude>
    <ClInclude Include="component\LuaComponent.h">
      <Filter>Header Files</Filter>
    </ClInclude>
    <ClInclude Include="lua\LuaUtil.h">
      <Filter>Header Files</Filter>
    </ClInclude>
    <ClInclude Include="lua\lib\LuaNumArray.h">
      <Filter>Header Files</Filter>
    </ClInclude>
    <ClInclude Include="lua\lib\LuaNumVec.h">
      <Filter>Header Files</Filter>
    </ClInclude>
    <ClInclude Include="lua\lib\LuaVec3.h">
      <Filter>Header Files</Filter>
    </ClInclude>
    <ClInclude Include="lua\lib\LuaQuat.h">
      <Filter>Header Files</Filter>
    </ClInclude>
    <ClInclude Include="lua\AllLuaLibs.h">
      <Filter>Header Files</Filter>
    </ClInclude>
    <ClInclude Include="lua\LuaLibGroup.h">
      <Filter>Header Files</Filter>
    </ClInclude>
    <ClInclude Include="event\DebugDrawEvent.h">
      <Filter>Header Files</Filter>
    </ClInclude>
    <ClInclude Include="lua\LuaCache.h">
      <Filter>Header Files</Filter>
    </ClInclude>
    <ClInclude Include="lua\LuaCompositeNodes.h">
      <Filter>Header Files</Filter>
    </ClInclude>
    <ClInclude Include="component\LuaComponentRegistry.h">
      <Filter>Header Files</Filter>
    </ClInclude>
    <ClInclude Include="lua\lib\LuaAssetRepo.h">
      <Filter>Header Files</Filter>
    </ClInclude>
    <ClInclude Include="asset\PhysicsModel.h">
      <Filter>Header Files</Filter>
    </ClInclude>
    <ClInclude Include="event\LifecycleEvents.h">
      <Filter>Header Files</Filter>
    </ClInclude>
    <ClInclude Include="allocator\LIFOAllocator.h">
      <Filter>Header Files</Filter>
    </ClInclude>
    <ClInclude Include="lua\LuaComponentNode.h">
      <Filter>Header Files</Filter>
    </ClInclude>
    <ClInclude Include="file\FilePath.h">
      <Filter>Header Files</Filter>
    </ClInclude>
    <ClInclude Include="file\FileSystem.h">
      <Filter>Header Files</Filter>
    </ClInclude>
    <ClInclude Include="ProjectLocator.h">
      <Filter>Header Files</Filter>
    </ClInclude>
    <ClInclude Include="component\SpaceComponent.h">
      <Filter>Header Files</Filter>
    </ClInclude>
    <ClInclude Include="event\SpaceEvents.h">
      <Filter>Header Files</Filter>
    </ClInclude>
  </ItemGroup>
</Project>