<?xml version="1.0" encoding="utf-8"?>
<Project ToolsVersion="4.0" xmlns="http://schemas.microsoft.com/developer/msbuild/2003">
  <ItemGroup>
    <Filter Include="Source Files">
      <UniqueIdentifier>{4FC737F1-C7A5-4376-A066-2A32D752A2FF}</UniqueIdentifier>
      <Extensions>cpp;c;cc;cxx;def;odl;idl;hpj;bat;asm;asmx</Extensions>
    </Filter>
    <Filter Include="Header Files">
      <UniqueIdentifier>{93995380-89BD-4b04-88EB-625FBE52EBFB}</UniqueIdentifier>
      <Extensions>h;hh;hpp;hxx;hm;inl;inc;xsd</Extensions>
    </Filter>
    <Filter Include="Resource Files">
      <UniqueIdentifier>{67DA6AB6-F800-4c08-8B7A-83BB121AAD01}</UniqueIdentifier>
      <Extensions>rc;ico;cur;bmp;dlg;rc2;rct;bin;rgs;gif;jpg;jpeg;jpe;resx;tiff;tif;png;wav;mfcribbon-ms</Extensions>
    </Filter>
  </ItemGroup>
  <ItemGroup>
    <ClCompile Include="SyxAABB.cpp">
      <Filter>Source Files</Filter>
    </ClCompile>
    <ClCompile Include="SyxAABBTree.cpp">
      <Filter>Source Files</Filter>
    </ClCompile>
    <ClCompile Include="SyxCaster.cpp">
      <Filter>Source Files</Filter>
    </ClCompile>
    <ClCompile Include="SyxCollider.cpp">
      <Filter>Source Files</Filter>
    </ClCompile>
    <ClCompile Include="SyxConstraint.cpp">
      <Filter>Source Files</Filter>
    </ClCompile>
    <ClCompile Include="SyxConstraintSystem.cpp">
      <Filter>Source Files</Filter>
    </ClCompile>
    <ClCompile Include="SyxContactConstraint.cpp">
      <Filter>Source Files</Filter>
    </ClCompile>
    <ClCompile Include="SyxDebugDrawer.cpp">
      <Filter>Source Files</Filter>
    </ClCompile>
    <ClCompile Include="SyxDebugHelpers.cpp">
      <Filter>Source Files</Filter>
    </ClCompile>
    <ClCompile Include="SyxDebugSimplex.cpp">
      <Filter>Source Files</Filter>
    </ClCompile>
    <ClCompile Include="SyxDetectionTests.cpp">
      <Filter>Source Files</Filter>
    </ClCompile>
    <ClCompile Include="SyxDistanceConstraint.cpp">
      <Filter>Source Files</Filter>
    </ClCompile>
    <ClCompile Include="SyxGeometricQueries.cpp">
      <Filter>Source Files</Filter>
    </ClCompile>
    <ClCompile Include="SyxIslandGraph.cpp">
      <Filter>Source Files</Filter>
    </ClCompile>
    <ClCompile Include="SyxIslandSolver.cpp">
      <Filter>Source Files</Filter>
    </ClCompile>
    <ClCompile Include="SyxIslandTests.cpp">
      <Filter>Source Files</Filter>
    </ClCompile>
    <ClCompile Include="SyxManifold.cpp">
      <Filter>Source Files</Filter>
    </ClCompile>
    <ClCompile Include="SyxMath.cpp">
      <Filter>Source Files</Filter>
    </ClCompile>
    <ClCompile Include="SyxMathTests.cpp">
      <Filter>Source Files</Filter>
    </ClCompile>
    <ClCompile Include="SyxMatrix2.cpp">
      <Filter>Source Files</Filter>
    </ClCompile>
    <ClCompile Include="SyxMatrix3.cpp">
      <Filter>Source Files</Filter>
    </ClCompile>
    <ClCompile Include="SyxModel.cpp">
      <Filter>Source Files</Filter>
    </ClCompile>
    <ClCompile Include="SyxModelInstance.cpp">
      <Filter>Source Files</Filter>
    </ClCompile>
    <ClCompile Include="SyxModelParam.cpp">
      <Filter>Source Files</Filter>
    </ClCompile>
    <ClCompile Include="SyxNarrowphase.cpp">
      <Filter>Source Files</Filter>
    </ClCompile>
    <ClCompile Include="SyxNoBroadphase.cpp">
      <Filter>Source Files</Filter>
    </ClCompile>
    <ClCompile Include="SyxPhysicsObject.cpp">
      <Filter>Source Files</Filter>
    </ClCompile>
    <ClCompile Include="SyxPhysicsSystem.cpp">
      <Filter>Source Files</Filter>
    </ClCompile>
    <ClCompile Include="SyxPrimitiveNarrowphase.cpp">
      <Filter>Source Files</Filter>
    </ClCompile>
    <ClCompile Include="SyxProfiler.cpp">
      <Filter>Source Files</Filter>
    </ClCompile>
    <ClCompile Include="SyxQuaternion.cpp">
      <Filter>Source Files</Filter>
    </ClCompile>
    <ClCompile Include="SyxRevoluteConstraint.cpp">
      <Filter>Source Files</Filter>
    </ClCompile>
    <ClCompile Include="SyxRigidbody.cpp">
      <Filter>Source Files</Filter>
    </ClCompile>
    <ClCompile Include="SyxSimplex.cpp">
      <Filter>Source Files</Filter>
    </ClCompile>
    <ClCompile Include="SyxSMatrix3.cpp">
      <Filter>Source Files</Filter>
    </ClCompile>
    <ClCompile Include="SyxSpace.cpp">
      <Filter>Source Files</Filter>
    </ClCompile>
    <ClCompile Include="SyxSpeedTests.cpp">
      <Filter>Source Files</Filter>
    </ClCompile>
    <ClCompile Include="SyxSphericalConstraint.cpp">
      <Filter>Source Files</Filter>
    </ClCompile>
    <ClCompile Include="SyxSQuaternion.cpp">
      <Filter>Source Files</Filter>
    </ClCompile>
    <ClCompile Include="SyxSupportTri.cpp">
      <Filter>Source Files</Filter>
    </ClCompile>
    <ClCompile Include="SyxSVector3.cpp">
      <Filter>Source Files</Filter>
    </ClCompile>
    <ClCompile Include="SyxTransform.cpp">
      <Filter>Source Files</Filter>
    </ClCompile>
    <ClCompile Include="SyxVector2.cpp">
      <Filter>Source Files</Filter>
    </ClCompile>
    <ClCompile Include="SyxVector3.cpp">
      <Filter>Source Files</Filter>
    </ClCompile>
    <ClCompile Include="SyxWeldConstraint.cpp">
      <Filter>Source Files</Filter>
    </ClCompile>
  </ItemGroup>
  <ItemGroup>
    <ClInclude Include="SyxAABB.h">
      <Filter>Header Files</Filter>
    </ClInclude>
    <ClInclude Include="SyxAABBTree.h">
      <Filter>Header Files</Filter>
    </ClInclude>
    <ClInclude Include="SyxAlignmentAllocator.h">
      <Filter>Header Files</Filter>
    </ClInclude>
    <ClInclude Include="SyxAssert.h">
      <Filter>Header Files</Filter>
    </ClInclude>
    <ClInclude Include="SyxBroadphase.h">
      <Filter>Header Files</Filter>
    </ClInclude>
    <ClInclude Include="SyxCaster.h">
      <Filter>Header Files</Filter>
    </ClInclude>
    <ClInclude Include="SyxCollider.h">
      <Filter>Header Files</Filter>
    </ClInclude>
    <ClInclude Include="SyxConfig.h">
      <Filter>Header Files</Filter>
    </ClInclude>
    <ClInclude Include="SyxConstraint.h">
      <Filter>Header Files</Filter>
    </ClInclude>
    <ClInclude Include="SyxConstraintMath.h">
      <Filter>Header Files</Filter>
    </ClInclude>
    <ClInclude Include="SyxConstraintOptions.h">
      <Filter>Header Files</Filter>
    </ClInclude>
    <ClInclude Include="SyxConstraintSystem.h">
      <Filter>Header Files</Filter>
    </ClInclude>
    <ClInclude Include="SyxContactConstraint.h">
      <Filter>Header Files</Filter>
    </ClInclude>
    <ClInclude Include="SyxDebugDrawer.h">
      <Filter>Header Files</Filter>
    </ClInclude>
    <ClInclude Include="SyxDebugHelpers.h">
      <Filter>Header Files</Filter>
    </ClInclude>
    <ClInclude Include="SyxDebugSimplex.h">
      <Filter>Header Files</Filter>
    </ClInclude>
    <ClInclude Include="SyxDetectionTests.h">
      <Filter>Header Files</Filter>
    </ClInclude>
    <ClInclude Include="SyxDistanceConstraint.h">
      <Filter>Header Files</Filter>
    </ClInclude>
    <ClInclude Include="SyxGeometricQueries.h">
      <Filter>Header Files</Filter>
    </ClInclude>
    <ClInclude Include="SyxHandleMap.h">
      <Filter>Header Files</Filter>
    </ClInclude>
    <ClInclude Include="SyxHandles.h">
      <Filter>Header Files</Filter>
    </ClInclude>
    <ClInclude Include="SyxInterface.h">
      <Filter>Header Files</Filter>
    </ClInclude>
    <ClInclude Include="SyxIntrusive.h">
      <Filter>Header Files</Filter>
    </ClInclude>
    <ClInclude Include="SyxIslandGraph.h">
      <Filter>Header Files</Filter>
    </ClInclude>
    <ClInclude Include="SyxIslandSolver.h">
      <Filter>Header Files</Filter>
    </ClInclude>
    <ClInclude Include="SyxIslandTests.h">
      <Filter>Header Files</Filter>
    </ClInclude>
    <ClInclude Include="SyxManifold.h">
      <Filter>Header Files</Filter>
    </ClInclude>
    <ClInclude Include="SyxMaterial.h">
      <Filter>Header Files</Filter>
    </ClInclude>
    <ClInclude Include="SyxMath.h">
      <Filter>Header Files</Filter>
    </ClInclude>
    <ClInclude Include="SyxMathDefines.h">
      <Filter>Header Files</Filter>
    </ClInclude>
    <ClInclude Include="SyxMathTests.h">
      <Filter>Header Files</Filter>
    </ClInclude>
    <ClInclude Include="SyxMatrix2.h">
      <Filter>Header Files</Filter>
    </ClInclude>
    <ClInclude Include="SyxMatrix3.h">
      <Filter>Header Files</Filter>
    </ClInclude>
    <ClInclude Include="SyxModel.h">
      <Filter>Header Files</Filter>
    </ClInclude>
    <ClInclude Include="SyxModelInstance.h">
      <Filter>Header Files</Filter>
    </ClInclude>
    <ClInclude Include="SyxModelParam.h">
      <Filter>Header Files</Filter>
    </ClInclude>
    <ClInclude Include="SyxNarrowphase.h">
      <Filter>Header Files</Filter>
    </ClInclude>
    <ClInclude Include="SyxNoBroadphase.h">
      <Filter>Header Files</Filter>
    </ClInclude>
    <ClInclude Include="SyxPhysicsObject.h">
      <Filter>Header Files</Filter>
    </ClInclude>
    <ClInclude Include="SyxPhysicsSystem.h">
      <Filter>Header Files</Filter>
    </ClInclude>
    <ClInclude Include="SyxPrimitiveNarrowphase.h">
      <Filter>Header Files</Filter>
    </ClInclude>
    <ClInclude Include="SyxProfiler.h">
      <Filter>Header Files</Filter>
    </ClInclude>
    <ClInclude Include="SyxQuaternion.h">
      <Filter>Header Files</Filter>
    </ClInclude>
    <ClInclude Include="SyxRevoluteConstraint.h">
      <Filter>Header Files</Filter>
    </ClInclude>
    <ClInclude Include="SyxRigidbody.h">
      <Filter>Header Files</Filter>
    </ClInclude>
    <ClInclude Include="SyxSConstraintMath.h">
      <Filter>Header Files</Filter>
    </ClInclude>
    <ClInclude Include="SyxSIMD.h">
      <Filter>Header Files</Filter>
    </ClInclude>
    <ClInclude Include="SyxSimplex.h">
      <Filter>Header Files</Filter>
    </ClInclude>
    <ClInclude Include="SyxSmallIndexSet.h">
      <Filter>Header Files</Filter>
    </ClInclude>
    <ClInclude Include="SyxSMatrix3.h">
      <Filter>Header Files</Filter>
    </ClInclude>
    <ClInclude Include="SyxSpace.h">
      <Filter>Header Files</Filter>
    </ClInclude>
    <ClInclude Include="SyxSpeedTests.h">
      <Filter>Header Files</Filter>
    </ClInclude>
    <ClInclude Include="SyxSphericalConstraint.h">
      <Filter>Header Files</Filter>
    </ClInclude>
    <ClInclude Include="SyxSQuaternion.h">
      <Filter>Header Files</Filter>
    </ClInclude>
    <ClInclude Include="SyxStaticIndexable.h">
      <Filter>Header Files</Filter>
    </ClInclude>
    <ClInclude Include="SyxSupportTri.h">
      <Filter>Header Files</Filter>
    </ClInclude>
    <ClInclude Include="SyxSVector3.h">
      <Filter>Header Files</Filter>
    </ClInclude>
    <ClInclude Include="SyxTestHelpers.h">
      <Filter>Header Files</Filter>
    </ClInclude>
    <ClInclude Include="SyxTransform.h">
      <Filter>Header Files</Filter>
    </ClInclude>
    <ClInclude Include="SyxVector2.h">
      <Filter>Header Files</Filter>
    </ClInclude>
    <ClInclude Include="SyxVector3.h">
      <Filter>Header Files</Filter>
    </ClInclude>
    <ClInclude Include="SyxWeldConstraint.h">
      <Filter>Header Files</Filter>
    </ClInclude>
    <ClInclude Include="Precompile.h">
      <Filter>Header Files</Filter>
    </ClInclude>
  </ItemGroup>
</Project>