
Microsoft Visual Studio Solution File, Format Version 12.00
# Visual Studio 15
VisualStudioVersion = 15.0.27130.2010
MinimumVisualStudioVersion = 10.0.40219.1
Project("{8BC9CEB8-8B4A-11D0-8D11-00A0C91BC942}") = "gfx", "gfx\gfx.vcxproj", "{B69805A2-D2C2-4320-B724-097719522A93}"
	ProjectSection(ProjectDependencies) = postProject
		{B6E419EC-567F-4EB1-8833-A395540E9BC4} = {B6E419EC-567F-4EB1-8833-A395540E9BC4}
	EndProjectSection
EndProject
Project("{8BC9CEB8-8B4A-11D0-8D11-00A0C91BC942}") = "syx", "syx\syx.vcxproj", "{85005DAD-8122-4D96-BD86-9CCC57B913AE}"
EndProject
Project("{8BC9CEB8-8B4A-11D0-8D11-00A0C91BC942}") = "lua", "lua\lua.vcxproj", "{B6E419EC-567F-4EB1-8833-A395540E9BC4}"
EndProject
Project("{8BC9CEB8-8B4A-11D0-8D11-00A0C91BC942}") = "test", "test\test.vcxproj", "{95900503-A0CA-4B4C-ADC3-D1449BD6D39D}"
EndProject
Project("{8BC9CEB8-8B4A-11D0-8D11-00A0C91BC942}") = "shared", "shared\shared.vcxitems", "{D8319DB0-B598-45A4-A974-8CAB10800B49}"
EndProject
Project("{8BC9CEB8-8B4A-11D0-8D11-00A0C91BC942}") = "sharedLib", "sharedLib\sharedLib.vcxproj", "{DDB73903-0A98-4C90-8276-06AD7DAECFFD}"
EndProject
Project("{8BC9CEB8-8B4A-11D0-8D11-00A0C91BC942}") = "Win32.Shared", "Win32.Shared\Win32.Shared.vcxitems", "{AD341285-58B4-452D-B7EF-2454C5BC845D}"
EndProject
Project("{8BC9CEB8-8B4A-11D0-8D11-00A0C91BC942}") = "Win32.App", "Win32.App\Win32.App.vcxproj", "{A3A634CF-5DBF-42BB-8DA5-33DE6CA3325E}"
EndProject
Global
	GlobalSection(SharedMSBuildProjectFiles) = preSolution
		Win32.Shared\Win32.Shared.vcxitems*{a3a634cf-5dbf-42bb-8da5-33de6ca3325e}*SharedItemsImports = 4
		Win32.Shared\Win32.Shared.vcxitems*{ad341285-58b4-452d-b7ef-2454c5bc845d}*SharedItemsImports = 9
		shared\shared.vcxitems*{d8319db0-b598-45a4-a974-8cab10800b49}*SharedItemsImports = 9
		shared\shared.vcxitems*{ddb73903-0a98-4c90-8276-06ad7daecffd}*SharedItemsImports = 4
	EndGlobalSection
	GlobalSection(SolutionConfigurationPlatforms) = preSolution
		Debug|x64 = Debug|x64
		Debug|x86 = Debug|x86
		Release|x64 = Release|x64
		Release|x86 = Release|x86
	EndGlobalSection
	GlobalSection(ProjectConfigurationPlatforms) = postSolution
		{B69805A2-D2C2-4320-B724-097719522A93}.Debug|x64.ActiveCfg = Debug|x64
		{B69805A2-D2C2-4320-B724-097719522A93}.Debug|x64.Build.0 = Debug|x64
		{B69805A2-D2C2-4320-B724-097719522A93}.Debug|x86.ActiveCfg = Debug|Win32
		{B69805A2-D2C2-4320-B724-097719522A93}.Debug|x86.Build.0 = Debug|Win32
		{B69805A2-D2C2-4320-B724-097719522A93}.Release|x64.ActiveCfg = Release|x64
		{B69805A2-D2C2-4320-B724-097719522A93}.Release|x64.Build.0 = Release|x64
		{B69805A2-D2C2-4320-B724-097719522A93}.Release|x86.ActiveCfg = Release|Win32
		{B69805A2-D2C2-4320-B724-097719522A93}.Release|x86.Build.0 = Release|Win32
		{85005DAD-8122-4D96-BD86-9CCC57B913AE}.Debug|x64.ActiveCfg = Debug|x64
		{85005DAD-8122-4D96-BD86-9CCC57B913AE}.Debug|x64.Build.0 = Debug|x64
		{85005DAD-8122-4D96-BD86-9CCC57B913AE}.Debug|x86.ActiveCfg = Debug|Win32
		{85005DAD-8122-4D96-BD86-9CCC57B913AE}.Debug|x86.Build.0 = Debug|Win32
		{85005DAD-8122-4D96-BD86-9CCC57B913AE}.Release|x64.ActiveCfg = Release|x64
		{85005DAD-8122-4D96-BD86-9CCC57B913AE}.Release|x64.Build.0 = Release|x64
		{85005DAD-8122-4D96-BD86-9CCC57B913AE}.Release|x86.ActiveCfg = Release|Win32
		{85005DAD-8122-4D96-BD86-9CCC57B913AE}.Release|x86.Build.0 = Release|Win32
		{B6E419EC-567F-4EB1-8833-A395540E9BC4}.Debug|x64.ActiveCfg = Debug|x64
		{B6E419EC-567F-4EB1-8833-A395540E9BC4}.Debug|x64.Build.0 = Debug|x64
		{B6E419EC-567F-4EB1-8833-A395540E9BC4}.Debug|x86.ActiveCfg = Debug|Win32
		{B6E419EC-567F-4EB1-8833-A395540E9BC4}.Debug|x86.Build.0 = Debug|Win32
		{B6E419EC-567F-4EB1-8833-A395540E9BC4}.Release|x64.ActiveCfg = Release|x64
		{B6E419EC-567F-4EB1-8833-A395540E9BC4}.Release|x64.Build.0 = Release|x64
		{B6E419EC-567F-4EB1-8833-A395540E9BC4}.Release|x86.ActiveCfg = Release|Win32
		{B6E419EC-567F-4EB1-8833-A395540E9BC4}.Release|x86.Build.0 = Release|Win32
		{95900503-A0CA-4B4C-ADC3-D1449BD6D39D}.Debug|x64.ActiveCfg = Debug|x64
		{95900503-A0CA-4B4C-ADC3-D1449BD6D39D}.Debug|x64.Build.0 = Debug|x64
		{95900503-A0CA-4B4C-ADC3-D1449BD6D39D}.Debug|x86.ActiveCfg = Debug|Win32
		{95900503-A0CA-4B4C-ADC3-D1449BD6D39D}.Debug|x86.Build.0 = Debug|Win32
		{95900503-A0CA-4B4C-ADC3-D1449BD6D39D}.Release|x64.ActiveCfg = Release|x64
		{95900503-A0CA-4B4C-ADC3-D1449BD6D39D}.Release|x64.Build.0 = Release|x64
		{95900503-A0CA-4B4C-ADC3-D1449BD6D39D}.Release|x86.ActiveCfg = Release|Win32
		{95900503-A0CA-4B4C-ADC3-D1449BD6D39D}.Release|x86.Build.0 = Release|Win32
		{DDB73903-0A98-4C90-8276-06AD7DAECFFD}.Debug|x64.ActiveCfg = Debug|x64
		{DDB73903-0A98-4C90-8276-06AD7DAECFFD}.Debug|x64.Build.0 = Debug|x64
		{DDB73903-0A98-4C90-8276-06AD7DAECFFD}.Debug|x86.ActiveCfg = Debug|Win32
		{DDB73903-0A98-4C90-8276-06AD7DAECFFD}.Debug|x86.Build.0 = Debug|Win32
		{DDB73903-0A98-4C90-8276-06AD7DAECFFD}.Release|x64.ActiveCfg = Release|x64
		{DDB73903-0A98-4C90-8276-06AD7DAECFFD}.Release|x64.Build.0 = Release|x64
		{DDB73903-0A98-4C90-8276-06AD7DAECFFD}.Release|x86.ActiveCfg = Release|Win32
		{DDB73903-0A98-4C90-8276-06AD7DAECFFD}.Release|x86.Build.0 = Release|Win32
		{A3A634CF-5DBF-42BB-8DA5-33DE6CA3325E}.Debug|x64.ActiveCfg = Debug|x64
		{A3A634CF-5DBF-42BB-8DA5-33DE6CA3325E}.Debug|x64.Build.0 = Debug|x64
		{A3A634CF-5DBF-42BB-8DA5-33DE6CA3325E}.Debug|x86.ActiveCfg = Debug|Win32
		{A3A634CF-5DBF-42BB-8DA5-33DE6CA3325E}.Debug|x86.Build.0 = Debug|Win32
		{A3A634CF-5DBF-42BB-8DA5-33DE6CA3325E}.Release|x64.ActiveCfg = Release|x64
		{A3A634CF-5DBF-42BB-8DA5-33DE6CA3325E}.Release|x64.Build.0 = Release|x64
		{A3A634CF-5DBF-42BB-8DA5-33DE6CA3325E}.Release|x86.ActiveCfg = Release|Win32
		{A3A634CF-5DBF-42BB-8DA5-33DE6CA3325E}.Release|x86.Build.0 = Release|Win32
	EndGlobalSection
	GlobalSection(SolutionProperties) = preSolution
		HideSolutionNode = FALSE
	EndGlobalSection
	GlobalSection(ExtensibilityGlobals) = postSolution
		SolutionGuid = {AF5D0BD6-49D6-49A3-9E0E-342269985169}
	EndGlobalSection
EndGlobal
