
Microsoft Visual Studio Solution File, Format Version 12.00
# Visual Studio 15
VisualStudioVersion = 15.0.27130.2010
MinimumVisualStudioVersion = 10.0.40219.1
Project("{8BC9CEB8-8B4A-11D0-8D11-00A0C91BC942}") = "syx", "syx\syx.vcxproj", "{85005DAD-8122-4D96-BD86-9CCC57B913AE}"
EndProject
Project("{8BC9CEB8-8B4A-11D0-8D11-00A0C91BC942}") = "lua", "lua\lua.vcxproj", "{B6E419EC-567F-4EB1-8833-A395540E9BC4}"
EndProject
Project("{8BC9CEB8-8B4A-11D0-8D11-00A0C91BC942}") = "test", "test\test.vcxproj", "{95900503-A0CA-4B4C-ADC3-D1449BD6D39D}"
EndProject
Project("{8BC9CEB8-8B4A-11D0-8D11-00A0C91BC942}") = "Win32.Shared", "Win32.Shared\Win32.Shared.vcxitems", "{AD341285-58B4-452D-B7EF-2454C5BC845D}"
EndProject
Project("{8BC9CEB8-8B4A-11D0-8D11-00A0C91BC942}") = "Win32.App", "Win32.App\Win32.App.vcxproj", "{A3A634CF-5DBF-42BB-8DA5-33DE6CA3325E}"
EndProject
Project("{8BC9CEB8-8B4A-11D0-8D11-00A0C91BC942}") = "Engine.Shared", "Engine.shared\Engine.shared.vcxitems", "{F2794AAB-FC79-4C31-A16C-0E16666A9DC0}"
EndProject
Project("{8BC9CEB8-8B4A-11D0-8D11-00A0C91BC942}") = "Engine.Lib", "Engine.Lib\Engine.Lib.vcxproj", "{BDAC7533-AA7B-468A-8706-6113F801B843}"
EndProject
Project("{8BC9CEB8-8B4A-11D0-8D11-00A0C91BC942}") = "Imgui.Lib", "Imgui.Lib\Imgui.Lib.vcxproj", "{EBD7DC44-E5F0-4E0B-A8A7-EADFE23EB3D9}"
EndProject
Project("{8BC9CEB8-8B4A-11D0-8D11-00A0C91BC942}") = "Imgui.Shared", "Imgui.Shared\Imgui.Shared.vcxitems", "{D48B34FA-A327-4245-982F-024E77E2464E}"
EndProject
Project("{8BC9CEB8-8B4A-11D0-8D11-00A0C91BC942}") = "Win32.Platform", "Win32.Platform\Win32.Platform.vcxproj", "{09B9290C-EE79-49EE-914B-441F01CA212C}"
EndProject
Global
	GlobalSection(SharedMSBuildProjectFiles) = preSolution
		Win32.Shared\Win32.Shared.vcxitems*{09b9290c-ee79-49ee-914b-441f01ca212c}*SharedItemsImports = 4
		Win32.Shared\Win32.Shared.vcxitems*{ad341285-58b4-452d-b7ef-2454c5bc845d}*SharedItemsImports = 9
		Engine.shared\Engine.shared.vcxitems*{bdac7533-aa7b-468a-8706-6113f801b843}*SharedItemsImports = 4
		Imgui.Shared\Imgui.Shared.vcxitems*{d48b34fa-a327-4245-982f-024e77e2464e}*SharedItemsImports = 9
		Imgui.Shared\Imgui.Shared.vcxitems*{ebd7dc44-e5f0-4e0b-a8a7-eadfe23eb3d9}*SharedItemsImports = 4
		Engine.shared\Engine.shared.vcxitems*{f2794aab-fc79-4c31-a16c-0e16666a9dc0}*SharedItemsImports = 9
	EndGlobalSection
	GlobalSection(SolutionConfigurationPlatforms) = preSolution
		Debug|x64 = Debug|x64
		Debug|x86 = Debug|x86
		Release|x64 = Release|x64
		Release|x86 = Release|x86
	EndGlobalSection
	GlobalSection(ProjectConfigurationPlatforms) = postSolution
		{85005DAD-8122-4D96-BD86-9CCC57B913AE}.Debug|x64.ActiveCfg = Debug|x64
		{85005DAD-8122-4D96-BD86-9CCC57B913AE}.Debug|x64.Build.0 = Debug|x64
		{85005DAD-8122-4D96-BD86-9CCC57B913AE}.Debug|x86.ActiveCfg = Debug|Win32
		{85005DAD-8122-4D96-BD86-9CCC57B913AE}.Debug|x86.Build.0 = Debug|Win32
		{85005DAD-8122-4D96-BD86-9CCC57B913AE}.Release|x64.ActiveCfg = Release|x64
		{85005DAD-8122-4D96-BD86-9CCC57B913AE}.Release|x64.Build.0 = Release|x64
		{85005DAD-8122-4D96-BD86-9CCC57B913AE}.Release|x86.ActiveCfg = Release|Win32
		{85005DAD-8122-4D96-BD86-9CCC57B913AE}.Release|x86.Build.0 = Release|Win32
		{B6E419EC-567F-4EB1-8833-A395540E9BC4}.Debug|x64.ActiveCfg = Debug|x64
		{B6E419EC-567F-4EB1-8833-A395540E9BC4}.Debug|x64.Build.0 = Debug|x64
		{B6E419EC-567F-4EB1-8833-A395540E9BC4}.Debug|x86.ActiveCfg = Debug|Win32
		{B6E419EC-567F-4EB1-8833-A395540E9BC4}.Debug|x86.Build.0 = Debug|Win32
		{B6E419EC-567F-4EB1-8833-A395540E9BC4}.Release|x64.ActiveCfg = Release|x64
		{B6E419EC-567F-4EB1-8833-A395540E9BC4}.Release|x64.Build.0 = Release|x64
		{B6E419EC-567F-4EB1-8833-A395540E9BC4}.Release|x86.ActiveCfg = Release|Win32
		{B6E419EC-567F-4EB1-8833-A395540E9BC4}.Release|x86.Build.0 = Release|Win32
		{95900503-A0CA-4B4C-ADC3-D1449BD6D39D}.Debug|x64.ActiveCfg = Debug|x64
		{95900503-A0CA-4B4C-ADC3-D1449BD6D39D}.Debug|x64.Build.0 = Debug|x64
		{95900503-A0CA-4B4C-ADC3-D1449BD6D39D}.Debug|x86.ActiveCfg = Debug|Win32
		{95900503-A0CA-4B4C-ADC3-D1449BD6D39D}.Debug|x86.Build.0 = Debug|Win32
		{95900503-A0CA-4B4C-ADC3-D1449BD6D39D}.Release|x64.ActiveCfg = Release|x64
		{95900503-A0CA-4B4C-ADC3-D1449BD6D39D}.Release|x64.Build.0 = Release|x64
		{95900503-A0CA-4B4C-ADC3-D1449BD6D39D}.Release|x86.ActiveCfg = Release|Win32
		{95900503-A0CA-4B4C-ADC3-D1449BD6D39D}.Release|x86.Build.0 = Release|Win32
		{A3A634CF-5DBF-42BB-8DA5-33DE6CA3325E}.Debug|x64.ActiveCfg = Debug|x64
		{A3A634CF-5DBF-42BB-8DA5-33DE6CA3325E}.Debug|x64.Build.0 = Debug|x64
		{A3A634CF-5DBF-42BB-8DA5-33DE6CA3325E}.Debug|x86.ActiveCfg = Debug|Win32
		{A3A634CF-5DBF-42BB-8DA5-33DE6CA3325E}.Debug|x86.Build.0 = Debug|Win32
		{A3A634CF-5DBF-42BB-8DA5-33DE6CA3325E}.Release|x64.ActiveCfg = Release|x64
		{A3A634CF-5DBF-42BB-8DA5-33DE6CA3325E}.Release|x64.Build.0 = Release|x64
		{A3A634CF-5DBF-42BB-8DA5-33DE6CA3325E}.Release|x86.ActiveCfg = Release|Win32
		{A3A634CF-5DBF-42BB-8DA5-33DE6CA3325E}.Release|x86.Build.0 = Release|Win32
		{BDAC7533-AA7B-468A-8706-6113F801B843}.Debug|x64.ActiveCfg = Debug|x64
		{BDAC7533-AA7B-468A-8706-6113F801B843}.Debug|x64.Build.0 = Debug|x64
		{BDAC7533-AA7B-468A-8706-6113F801B843}.Debug|x86.ActiveCfg = Debug|Win32
		{BDAC7533-AA7B-468A-8706-6113F801B843}.Debug|x86.Build.0 = Debug|Win32
		{BDAC7533-AA7B-468A-8706-6113F801B843}.Release|x64.ActiveCfg = Release|x64
		{BDAC7533-AA7B-468A-8706-6113F801B843}.Release|x64.Build.0 = Release|x64
		{BDAC7533-AA7B-468A-8706-6113F801B843}.Release|x86.ActiveCfg = Release|Win32
		{BDAC7533-AA7B-468A-8706-6113F801B843}.Release|x86.Build.0 = Release|Win32
		{EBD7DC44-E5F0-4E0B-A8A7-EADFE23EB3D9}.Debug|x64.ActiveCfg = Debug|x64
		{EBD7DC44-E5F0-4E0B-A8A7-EADFE23EB3D9}.Debug|x64.Build.0 = Debug|x64
		{EBD7DC44-E5F0-4E0B-A8A7-EADFE23EB3D9}.Debug|x86.ActiveCfg = Debug|Win32
		{EBD7DC44-E5F0-4E0B-A8A7-EADFE23EB3D9}.Debug|x86.Build.0 = Debug|Win32
		{EBD7DC44-E5F0-4E0B-A8A7-EADFE23EB3D9}.Release|x64.ActiveCfg = Release|x64
		{EBD7DC44-E5F0-4E0B-A8A7-EADFE23EB3D9}.Release|x64.Build.0 = Release|x64
		{EBD7DC44-E5F0-4E0B-A8A7-EADFE23EB3D9}.Release|x86.ActiveCfg = Release|Win32
		{EBD7DC44-E5F0-4E0B-A8A7-EADFE23EB3D9}.Release|x86.Build.0 = Release|Win32
		{09B9290C-EE79-49EE-914B-441F01CA212C}.Debug|x64.ActiveCfg = Debug|x64
		{09B9290C-EE79-49EE-914B-441F01CA212C}.Debug|x64.Build.0 = Debug|x64
		{09B9290C-EE79-49EE-914B-441F01CA212C}.Debug|x86.ActiveCfg = Debug|Win32
		{09B9290C-EE79-49EE-914B-441F01CA212C}.Debug|x86.Build.0 = Debug|Win32
		{09B9290C-EE79-49EE-914B-441F01CA212C}.Release|x64.ActiveCfg = Release|x64
		{09B9290C-EE79-49EE-914B-441F01CA212C}.Release|x64.Build.0 = Release|x64
		{09B9290C-EE79-49EE-914B-441F01CA212C}.Release|x86.ActiveCfg = Release|Win32
		{09B9290C-EE79-49EE-914B-441F01CA212C}.Release|x86.Build.0 = Release|Win32
	EndGlobalSection
	GlobalSection(SolutionProperties) = preSolution
		HideSolutionNode = FALSE
	EndGlobalSection
	GlobalSection(ExtensibilityGlobals) = postSolution
		SolutionGuid = {AF5D0BD6-49D6-49A3-9E0E-342269985169}
	EndGlobalSection
EndGlobal
